Microsoft Visual Studio Solution File, Format Version 12.00
# Visual Studio Version 17
VisualStudioVersion = 17.5.2.0
MinimumVisualStudioVersion = 10.0.40219.1
Project("{FAE04EC0-301F-11D3-BF4B-00C04F79EFBC}") = "KrishAgent", "KrishAgent\KrishAgent.csproj", "{01D8CBAD-DCFB-C7EB-9D44-34BFFA04C24F}"
EndProject
Global
	GlobalSection(SolutionConfigurationPlatforms) = preSolution
		Debug|Any CPU = Debug|Any CPU
		Release|Any CPU = Release|Any CPU
	EndGlobalSection
	GlobalSection(ProjectConfigurationPlatforms) = postSolution
		{01D8CBAD-DCFB-C7EB-9D44-34BFFA04C24F}.Debug|Any CPU.ActiveCfg = Debug|Any CPU
		{01D8CBAD-DCFB-C7EB-9D44-34BFFA04C24F}.Debug|Any CPU.Build.0 = Debug|Any CPU
		{01D8CBAD-DCFB-C7EB-9D44-34BFFA04C24F}.Release|Any CPU.ActiveCfg = Release|Any CPU
		{01D8CBAD-DCFB-C7EB-9D44-34BFFA04C24F}.Release|Any CPU.Build.0 = Release|Any CPU
	EndGlobalSection
	GlobalSection(SolutionProperties) = preSolution
		HideSolutionNode = FALSE
	EndGlobalSection
	GlobalSection(ExtensibilityGlobals) = postSolution
		SolutionGuid = {C00A3B5F-C620-480A-9772-F4F0A20C2A74}
	EndGlobalSection
EndGlobal
